
Microsoft Visual Studio Solution File, Format Version 12.00
# Visual Studio Version 16
VisualStudioVersion = 16.0.34114.132
MinimumVisualStudioVersion = 10.0.40219.1
Project("{FAE04EC0-301F-11D3-BF4B-00C04F79EFBC}") = "Freecam", "Freecam\Freecam.csproj", "{1E281316-F70F-40BD-8CF1-45C033419415}"
EndProject
Global
	GlobalSection(SolutionConfigurationPlatforms) = preSolution
		Debug|Any CPU = Debug|Any CPU
		Release|Any CPU = Release|Any CPU
	EndGlobalSection
	GlobalSection(ProjectConfigurationPlatforms) = postSolution
		{1E281316-F70F-40BD-8CF1-45C033419415}.Debug|Any CPU.ActiveCfg = Debug|Any CPU
		{1E281316-F70F-40BD-8CF1-45C033419415}.Debug|Any CPU.Build.0 = Debug|Any CPU
		{1E281316-F70F-40BD-8CF1-45C033419415}.Release|Any CPU.ActiveCfg = Release|Any CPU
		{1E281316-F70F-40BD-8CF1-45C033419415}.Release|Any CPU.Build.0 = Release|Any CPU
	EndGlobalSection
	GlobalSection(SolutionProperties) = preSolution
		HideSolutionNode = FALSE
	EndGlobalSection
	GlobalSection(ExtensibilityGlobals) = postSolution
		SolutionGuid = {200E2DFB-8A95-4481-AE73-B1FCE520A6BF}
	EndGlobalSection
EndGlobal
